// !$*UTF8*$!
{
	archiveVersion = 1;
	classes = {
	};
	objectVersion = 46;
	objects = {

/* Begin PBXBuildFile section */
		CB03CCD0161088C100BBC7D1 /* RESTClientKIntranet.m in Sources */ = {isa = PBXBuildFile; fileRef = CB03CCCF161088C100BBC7D1 /* RESTClientKIntranet.m */; };
		CB03CCD316108EB800BBC7D1 /* Base64.m in Sources */ = {isa = PBXBuildFile; fileRef = CB03CCD216108EB800BBC7D1 /* Base64.m */; };
		CB22B4511606A2990069D346 /* kiandra@2x.png in Resources */ = {isa = PBXBuildFile; fileRef = CB22B44F1606A2990069D346 /* kiandra@2x.png */; };
		CB22B4521606A2990069D346 /* kiandra.png in Resources */ = {isa = PBXBuildFile; fileRef = CB22B4501606A2990069D346 /* kiandra.png */; };
		CB911A7D15FF63B5003ECD79 /* home.png in Resources */ = {isa = PBXBuildFile; fileRef = CB911A7915FF63B5003ECD79 /* home.png */; };
		CB911A7E15FF63B5003ECD79 /* home@2x.png in Resources */ = {isa = PBXBuildFile; fileRef = CB911A7A15FF63B5003ECD79 /* home@2x.png */; };
		CB911A7F15FF63B5003ECD79 /* man.png in Resources */ = {isa = PBXBuildFile; fileRef = CB911A7B15FF63B5003ECD79 /* man.png */; };
		CB911A8015FF63B5003ECD79 /* man@2x.png in Resources */ = {isa = PBXBuildFile; fileRef = CB911A7C15FF63B5003ECD79 /* man@2x.png */; };
		CB911A8615FF63EF003ECD79 /* icon.png in Resources */ = {isa = PBXBuildFile; fileRef = CB911A8215FF63EF003ECD79 /* icon.png */; };
		CB911A8715FF63EF003ECD79 /* icon@2x.png in Resources */ = {isa = PBXBuildFile; fileRef = CB911A8315FF63EF003ECD79 /* icon@2x.png */; };
		CB911A8C15FF6663003ECD79 /* startup.png in Resources */ = {isa = PBXBuildFile; fileRef = CB911A8A15FF6663003ECD79 /* startup.png */; };
		CB911A8D15FF6663003ECD79 /* startup@2x.png in Resources */ = {isa = PBXBuildFile; fileRef = CB911A8B15FF6663003ECD79 /* startup@2x.png */; };
		CB911A9715FF68A1003ECD79 /* StaffViewController.m in Sources */ = {isa = PBXBuildFile; fileRef = CB911A9615FF68A1003ECD79 /* StaffViewController.m */; };
		CB911A9A15FF6952003ECD79 /* Staff.m in Sources */ = {isa = PBXBuildFile; fileRef = CB911A9915FF6952003ECD79 /* Staff.m */; };
		CB98FF751600731800E75851 /* checkmark@2x.png in Resources */ = {isa = PBXBuildFile; fileRef = CB98FF731600731800E75851 /* checkmark@2x.png */; };
		CB98FF761600731800E75851 /* checkmark.png in Resources */ = {isa = PBXBuildFile; fileRef = CB98FF741600731800E75851 /* checkmark.png */; };
		CB98FF781600756200E75851 /* Default.png in Resources */ = {isa = PBXBuildFile; fileRef = CB98FF771600756200E75851 /* Default.png */; };
		CB98FF7A1600756E00E75851 /* Default@2x.png in Resources */ = {isa = PBXBuildFile; fileRef = CB98FF791600756E00E75851 /* Default@2x.png */; };
		CB98FF7C1600786D00E75851 /* icon.png in Resources */ = {isa = PBXBuildFile; fileRef = CB98FF7B1600786D00E75851 /* icon.png */; };
		CB98FF7E1600787600E75851 /* icon@2x.png in Resources */ = {isa = PBXBuildFile; fileRef = CB98FF7D1600787600E75851 /* icon@2x.png */; };
		CBA099F316095C18002BAB5E /* RESTClientAuthentication.m in Sources */ = {isa = PBXBuildFile; fileRef = CBA099F216095C18002BAB5E /* RESTClientAuthentication.m */; };
		CBA969FE15FF1B330070F983 /* UIKit.framework in Frameworks */ = {isa = PBXBuildFile; fileRef = CBA969FD15FF1B330070F983 /* UIKit.framework */; };
		CBA96A0015FF1B330070F983 /* Foundation.framework in Frameworks */ = {isa = PBXBuildFile; fileRef = CBA969FF15FF1B330070F983 /* Foundation.framework */; };
		CBA96A0215FF1B330070F983 /* CoreGraphics.framework in Frameworks */ = {isa = PBXBuildFile; fileRef = CBA96A0115FF1B330070F983 /* CoreGraphics.framework */; };
		CBA96A0815FF1B330070F983 /* InfoPlist.strings in Resources */ = {isa = PBXBuildFile; fileRef = CBA96A0615FF1B330070F983 /* InfoPlist.strings */; };
		CBA96A0A15FF1B330070F983 /* main.m in Sources */ = {isa = PBXBuildFile; fileRef = CBA96A0915FF1B330070F983 /* main.m */; };
		CBA96A0E15FF1B330070F983 /* AppDelegate.m in Sources */ = {isa = PBXBuildFile; fileRef = CBA96A0D15FF1B330070F983 /* AppDelegate.m */; };
		CBA96A1115FF1B330070F983 /* MainStoryboard.storyboard in Resources */ = {isa = PBXBuildFile; fileRef = CBA96A0F15FF1B330070F983 /* MainStoryboard.storyboard */; };
		CBA96A1415FF1B330070F983 /* ViewController.m in Sources */ = {isa = PBXBuildFile; fileRef = CBA96A1315FF1B330070F983 /* ViewController.m */; };
		CBC70CCF15FF799E006F7434 /* CheckoutViewController.m in Sources */ = {isa = PBXBuildFile; fileRef = CBC70CCE15FF799E006F7434 /* CheckoutViewController.m */; };
		CBC70CDB1603371F006F7434 /* LoginViewController.m in Sources */ = {isa = PBXBuildFile; fileRef = CBC70CDA1603371F006F7434 /* LoginViewController.m */; };
		CBC70CE01605DA77006F7434 /* Security.framework in Frameworks */ = {isa = PBXBuildFile; fileRef = CBC70CDF1605DA77006F7434 /* Security.framework */; };
		CBC70CE31605DC0B006F7434 /* KeychainItemWrapper.m in Sources */ = {isa = PBXBuildFile; fileRef = CBC70CE21605DC0B006F7434 /* KeychainItemWrapper.m */; };
		CBC70CEC1605F7B1006F7434 /* MyViewController.m in Sources */ = {isa = PBXBuildFile; fileRef = CBC70CEB1605F7B1006F7434 /* MyViewController.m */; };
/* End PBXBuildFile section */

/* Begin PBXFileReference section */
		CB03CCCE161088C100BBC7D1 /* RESTClientKIntranet.h */ = {isa = PBXFileReference; fileEncoding = 4; lastKnownFileType = sourcecode.c.h; path = RESTClientKIntranet.h; sourceTree = "<group>"; };
		CB03CCCF161088C100BBC7D1 /* RESTClientKIntranet.m */ = {isa = PBXFileReference; fileEncoding = 4; lastKnownFileType = sourcecode.c.objc; path = RESTClientKIntranet.m; sourceTree = "<group>"; };
		CB03CCD116108EB800BBC7D1 /* Base64.h */ = {isa = PBXFileReference; fileEncoding = 4; lastKnownFileType = sourcecode.c.h; path = Base64.h; sourceTree = "<group>"; };
		CB03CCD216108EB800BBC7D1 /* Base64.m */ = {isa = PBXFileReference; fileEncoding = 4; lastKnownFileType = sourcecode.c.objc; path = Base64.m; sourceTree = "<group>"; };
		CB22B44F1606A2990069D346 /* kiandra@2x.png */ = {isa = PBXFileReference; lastKnownFileType = image.png; path = "kiandra@2x.png"; sourceTree = "<group>"; };
		CB22B4501606A2990069D346 /* kiandra.png */ = {isa = PBXFileReference; lastKnownFileType = image.png; path = kiandra.png; sourceTree = "<group>"; };
		CB911A7915FF63B5003ECD79 /* home.png */ = {isa = PBXFileReference; lastKnownFileType = image.png; path = home.png; sourceTree = "<group>"; };
		CB911A7A15FF63B5003ECD79 /* home@2x.png */ = {isa = PBXFileReference; lastKnownFileType = image.png; path = "home@2x.png"; sourceTree = "<group>"; };
		CB911A7B15FF63B5003ECD79 /* man.png */ = {isa = PBXFileReference; lastKnownFileType = image.png; path = man.png; sourceTree = "<group>"; };
		CB911A7C15FF63B5003ECD79 /* man@2x.png */ = {isa = PBXFileReference; lastKnownFileType = image.png; path = "man@2x.png"; sourceTree = "<group>"; };
		CB911A8215FF63EF003ECD79 /* icon.png */ = {isa = PBXFileReference; lastKnownFileType = image.png; path = icon.png; sourceTree = "<group>"; };
		CB911A8315FF63EF003ECD79 /* icon@2x.png */ = {isa = PBXFileReference; lastKnownFileType = image.png; path = "icon@2x.png"; sourceTree = "<group>"; };
		CB911A8A15FF6663003ECD79 /* startup.png */ = {isa = PBXFileReference; lastKnownFileType = image.png; path = startup.png; sourceTree = "<group>"; };
		CB911A8B15FF6663003ECD79 /* startup@2x.png */ = {isa = PBXFileReference; lastKnownFileType = image.png; path = "startup@2x.png"; sourceTree = "<group>"; };
		CB911A9515FF68A1003ECD79 /* StaffViewController.h */ = {isa = PBXFileReference; fileEncoding = 4; lastKnownFileType = sourcecode.c.h; path = StaffViewController.h; sourceTree = "<group>"; };
		CB911A9615FF68A1003ECD79 /* StaffViewController.m */ = {isa = PBXFileReference; fileEncoding = 4; lastKnownFileType = sourcecode.c.objc; path = StaffViewController.m; sourceTree = "<group>"; };
		CB911A9815FF6952003ECD79 /* Staff.h */ = {isa = PBXFileReference; fileEncoding = 4; lastKnownFileType = sourcecode.c.h; path = Staff.h; sourceTree = "<group>"; };
		CB911A9915FF6952003ECD79 /* Staff.m */ = {isa = PBXFileReference; fileEncoding = 4; lastKnownFileType = sourcecode.c.objc; path = Staff.m; sourceTree = "<group>"; };
		CB98FF731600731800E75851 /* checkmark@2x.png */ = {isa = PBXFileReference; lastKnownFileType = image.png; path = "checkmark@2x.png"; sourceTree = "<group>"; };
		CB98FF741600731800E75851 /* checkmark.png */ = {isa = PBXFileReference; lastKnownFileType = image.png; path = checkmark.png; sourceTree = "<group>"; };
		CB98FF771600756200E75851 /* Default.png */ = {isa = PBXFileReference; lastKnownFileType = image.png; path = Default.png; sourceTree = "<group>"; };
		CB98FF791600756E00E75851 /* Default@2x.png */ = {isa = PBXFileReference; lastKnownFileType = image.png; path = "Default@2x.png"; sourceTree = "<group>"; };
		CB98FF7B1600786D00E75851 /* icon.png */ = {isa = PBXFileReference; lastKnownFileType = image.png; path = icon.png; sourceTree = "<group>"; };
		CB98FF7D1600787600E75851 /* icon@2x.png */ = {isa = PBXFileReference; lastKnownFileType = image.png; path = "icon@2x.png"; sourceTree = "<group>"; };
		CBA099F116095C18002BAB5E /* RESTClientAuthentication.h */ = {isa = PBXFileReference; fileEncoding = 4; lastKnownFileType = sourcecode.c.h; path = RESTClientAuthentication.h; sourceTree = "<group>"; };
		CBA099F216095C18002BAB5E /* RESTClientAuthentication.m */ = {isa = PBXFileReference; fileEncoding = 4; lastKnownFileType = sourcecode.c.objc; path = RESTClientAuthentication.m; sourceTree = "<group>"; };
		CBA969F915FF1B330070F983 /* kIntranet.app */ = {isa = PBXFileReference; explicitFileType = wrapper.application; includeInIndex = 0; path = kIntranet.app; sourceTree = BUILT_PRODUCTS_DIR; };
		CBA969FD15FF1B330070F983 /* UIKit.framework */ = {isa = PBXFileReference; lastKnownFileType = wrapper.framework; name = UIKit.framework; path = System/Library/Frameworks/UIKit.framework; sourceTree = SDKROOT; };
		CBA969FF15FF1B330070F983 /* Foundation.framework */ = {isa = PBXFileReference; lastKnownFileType = wrapper.framework; name = Foundation.framework; path = System/Library/Frameworks/Foundation.framework; sourceTree = SDKROOT; };
		CBA96A0115FF1B330070F983 /* CoreGraphics.framework */ = {isa = PBXFileReference; lastKnownFileType = wrapper.framework; name = CoreGraphics.framework; path = System/Library/Frameworks/CoreGraphics.framework; sourceTree = SDKROOT; };
		CBA96A0515FF1B330070F983 /* kIntranet-Info.plist */ = {isa = PBXFileReference; lastKnownFileType = text.plist.xml; path = "kIntranet-Info.plist"; sourceTree = "<group>"; };
		CBA96A0715FF1B330070F983 /* en */ = {isa = PBXFileReference; lastKnownFileType = text.plist.strings; name = en; path = en.lproj/InfoPlist.strings; sourceTree = "<group>"; };
		CBA96A0915FF1B330070F983 /* main.m */ = {isa = PBXFileReference; lastKnownFileType = sourcecode.c.objc; path = main.m; sourceTree = "<group>"; };
		CBA96A0B15FF1B330070F983 /* kIntranet-Prefix.pch */ = {isa = PBXFileReference; lastKnownFileType = sourcecode.c.h; path = "kIntranet-Prefix.pch"; sourceTree = "<group>"; };
		CBA96A0C15FF1B330070F983 /* AppDelegate.h */ = {isa = PBXFileReference; lastKnownFileType = sourcecode.c.h; path = AppDelegate.h; sourceTree = "<group>"; };
		CBA96A0D15FF1B330070F983 /* AppDelegate.m */ = {isa = PBXFileReference; lastKnownFileType = sourcecode.c.objc; path = AppDelegate.m; sourceTree = "<group>"; };
		CBA96A1015FF1B330070F983 /* en */ = {isa = PBXFileReference; lastKnownFileType = file.storyboard; name = en; path = en.lproj/MainStoryboard.storyboard; sourceTree = "<group>"; };
		CBA96A1215FF1B330070F983 /* ViewController.h */ = {isa = PBXFileReference; lastKnownFileType = sourcecode.c.h; path = ViewController.h; sourceTree = "<group>"; };
		CBA96A1315FF1B330070F983 /* ViewController.m */ = {isa = PBXFileReference; lastKnownFileType = sourcecode.c.objc; path = ViewController.m; sourceTree = "<group>"; };
		CBC70CCD15FF799E006F7434 /* CheckoutViewController.h */ = {isa = PBXFileReference; fileEncoding = 4; lastKnownFileType = sourcecode.c.h; path = CheckoutViewController.h; sourceTree = "<group>"; };
		CBC70CCE15FF799E006F7434 /* CheckoutViewController.m */ = {isa = PBXFileReference; fileEncoding = 4; lastKnownFileType = sourcecode.c.objc; path = CheckoutViewController.m; sourceTree = "<group>"; };
		CBC70CD91603371F006F7434 /* LoginViewController.h */ = {isa = PBXFileReference; fileEncoding = 4; lastKnownFileType = sourcecode.c.h; path = LoginViewController.h; sourceTree = "<group>"; };
		CBC70CDA1603371F006F7434 /* LoginViewController.m */ = {isa = PBXFileReference; fileEncoding = 4; lastKnownFileType = sourcecode.c.objc; path = LoginViewController.m; sourceTree = "<group>"; };
		CBC70CDF1605DA77006F7434 /* Security.framework */ = {isa = PBXFileReference; lastKnownFileType = wrapper.framework; name = Security.framework; path = System/Library/Frameworks/Security.framework; sourceTree = SDKROOT; };
		CBC70CE11605DC0B006F7434 /* KeychainItemWrapper.h */ = {isa = PBXFileReference; fileEncoding = 4; lastKnownFileType = sourcecode.c.h; path = KeychainItemWrapper.h; sourceTree = "<group>"; };
		CBC70CE21605DC0B006F7434 /* KeychainItemWrapper.m */ = {isa = PBXFileReference; fileEncoding = 4; lastKnownFileType = sourcecode.c.objc; path = KeychainItemWrapper.m; sourceTree = "<group>"; };
		CBC70CEA1605F7B1006F7434 /* MyViewController.h */ = {isa = PBXFileReference; fileEncoding = 4; lastKnownFileType = sourcecode.c.h; path = MyViewController.h; sourceTree = "<group>"; };
		CBC70CEB1605F7B1006F7434 /* MyViewController.m */ = {isa = PBXFileReference; fileEncoding = 4; lastKnownFileType = sourcecode.c.objc; path = MyViewController.m; sourceTree = "<group>"; };
/* End PBXFileReference section */

/* Begin PBXFrameworksBuildPhase section */
		CBA969F615FF1B330070F983 /* Frameworks */ = {
			isa = PBXFrameworksBuildPhase;
			buildActionMask = 2147483647;
			files = (
				CBC70CE01605DA77006F7434 /* Security.framework in Frameworks */,
				CBA969FE15FF1B330070F983 /* UIKit.framework in Frameworks */,
				CBA96A0015FF1B330070F983 /* Foundation.framework in Frameworks */,
				CBA96A0215FF1B330070F983 /* CoreGraphics.framework in Frameworks */,
			);
			runOnlyForDeploymentPostprocessing = 0;
		};
/* End PBXFrameworksBuildPhase section */

/* Begin PBXGroup section */
		CB911A7815FF63B5003ECD79 /* Images */ = {
			isa = PBXGroup;
			children = (
				CB22B44F1606A2990069D346 /* kiandra@2x.png */,
				CB22B4501606A2990069D346 /* kiandra.png */,
				CB98FF731600731800E75851 /* checkmark@2x.png */,
				CB98FF741600731800E75851 /* checkmark.png */,
				CB911A8A15FF6663003ECD79 /* startup.png */,
				CB911A8B15FF6663003ECD79 /* startup@2x.png */,
				CB911A8215FF63EF003ECD79 /* icon.png */,
				CB911A8315FF63EF003ECD79 /* icon@2x.png */,
				CB911A7915FF63B5003ECD79 /* home.png */,
				CB911A7A15FF63B5003ECD79 /* home@2x.png */,
				CB911A7B15FF63B5003ECD79 /* man.png */,
				CB911A7C15FF63B5003ECD79 /* man@2x.png */,
			);
			name = Images;
			path = kIntranet/Images;
			sourceTree = "<group>";
		};
		CBA969EE15FF1B330070F983 = {
			isa = PBXGroup;
			children = (
				CB98FF7D1600787600E75851 /* icon@2x.png */,
				CB98FF7B1600786D00E75851 /* icon.png */,
				CB98FF791600756E00E75851 /* Default@2x.png */,
				CB98FF771600756200E75851 /* Default.png */,
				CB911A7815FF63B5003ECD79 /* Images */,
				CBA96A0315FF1B330070F983 /* kIntranet */,
				CBA969FC15FF1B330070F983 /* Frameworks */,
				CBA969FA15FF1B330070F983 /* Products */,
			);
			sourceTree = "<group>";
		};
		CBA969FA15FF1B330070F983 /* Products */ = {
			isa = PBXGroup;
			children = (
				CBA969F915FF1B330070F983 /* kIntranet.app */,
			);
			name = Products;
			sourceTree = "<group>";
		};
		CBA969FC15FF1B330070F983 /* Frameworks */ = {
			isa = PBXGroup;
			children = (
				CBC70CDF1605DA77006F7434 /* Security.framework */,
				CBA969FD15FF1B330070F983 /* UIKit.framework */,
				CBA969FF15FF1B330070F983 /* Foundation.framework */,
				CBA96A0115FF1B330070F983 /* CoreGraphics.framework */,
			);
			name = Frameworks;
			sourceTree = "<group>";
		};
		CBA96A0315FF1B330070F983 /* kIntranet */ = {
			isa = PBXGroup;
			children = (
				CBA96A0C15FF1B330070F983 /* AppDelegate.h */,
				CBA96A0D15FF1B330070F983 /* AppDelegate.m */,
				CBA96A0F15FF1B330070F983 /* MainStoryboard.storyboard */,
				CBA96A1215FF1B330070F983 /* ViewController.h */,
				CBA96A1315FF1B330070F983 /* ViewController.m */,
				CBA96A0415FF1B330070F983 /* Supporting Files */,
				CB911A9515FF68A1003ECD79 /* StaffViewController.h */,
				CB911A9615FF68A1003ECD79 /* StaffViewController.m */,
				CB911A9815FF6952003ECD79 /* Staff.h */,
				CB911A9915FF6952003ECD79 /* Staff.m */,
				CBC70CCD15FF799E006F7434 /* CheckoutViewController.h */,
				CBC70CCE15FF799E006F7434 /* CheckoutViewController.m */,
				CBC70CD91603371F006F7434 /* LoginViewController.h */,
				CBC70CDA1603371F006F7434 /* LoginViewController.m */,
				CBC70CE11605DC0B006F7434 /* KeychainItemWrapper.h */,
				CBC70CE21605DC0B006F7434 /* KeychainItemWrapper.m */,
				CBC70CEA1605F7B1006F7434 /* MyViewController.h */,
				CBC70CEB1605F7B1006F7434 /* MyViewController.m */,
				CBA099F116095C18002BAB5E /* RESTClientAuthentication.h */,
				CBA099F216095C18002BAB5E /* RESTClientAuthentication.m */,
				CB03CCCE161088C100BBC7D1 /* RESTClientKIntranet.h */,
				CB03CCCF161088C100BBC7D1 /* RESTClientKIntranet.m */,
				CB03CCD116108EB800BBC7D1 /* Base64.h */,
				CB03CCD216108EB800BBC7D1 /* Base64.m */,
			);
			path = kIntranet;
			sourceTree = "<group>";
		};
		CBA96A0415FF1B330070F983 /* Supporting Files */ = {
			isa = PBXGroup;
			children = (
				CBA96A0515FF1B330070F983 /* kIntranet-Info.plist */,
				CBA96A0615FF1B330070F983 /* InfoPlist.strings */,
				CBA96A0915FF1B330070F983 /* main.m */,
				CBA96A0B15FF1B330070F983 /* kIntranet-Prefix.pch */,
			);
			name = "Supporting Files";
			sourceTree = "<group>";
		};
/* End PBXGroup section */

/* Begin PBXNativeTarget section */
		CBA969F815FF1B330070F983 /* kIntranet */ = {
			isa = PBXNativeTarget;
			buildConfigurationList = CBA96A1715FF1B330070F983 /* Build configuration list for PBXNativeTarget "kIntranet" */;
			buildPhases = (
				CBA969F515FF1B330070F983 /* Sources */,
				CBA969F615FF1B330070F983 /* Frameworks */,
				CBA969F715FF1B330070F983 /* Resources */,
			);
			buildRules = (
			);
			dependencies = (
			);
			name = kIntranet;
			productName = kIntranet;
			productReference = CBA969F915FF1B330070F983 /* kIntranet.app */;
			productType = "com.apple.product-type.application";
		};
/* End PBXNativeTarget section */

/* Begin PBXProject section */
		CBA969F015FF1B330070F983 /* Project object */ = {
			isa = PBXProject;
			attributes = {
				LastUpgradeCheck = 0440;
				ORGANIZATIONNAME = "Peter Sbarski";
			};
			buildConfigurationList = CBA969F315FF1B330070F983 /* Build configuration list for PBXProject "kIntranet" */;
			compatibilityVersion = "Xcode 3.2";
			developmentRegion = English;
			hasScannedForEncodings = 0;
			knownRegions = (
				en,
			);
			mainGroup = CBA969EE15FF1B330070F983;
			productRefGroup = CBA969FA15FF1B330070F983 /* Products */;
			projectDirPath = "";
			projectRoot = "";
			targets = (
				CBA969F815FF1B330070F983 /* kIntranet */,
			);
		};
/* End PBXProject section */

/* Begin PBXResourcesBuildPhase section */
		CBA969F715FF1B330070F983 /* Resources */ = {
			isa = PBXResourcesBuildPhase;
			buildActionMask = 2147483647;
			files = (
				CBA96A0815FF1B330070F983 /* InfoPlist.strings in Resources */,
				CBA96A1115FF1B330070F983 /* MainStoryboard.storyboard in Resources */,
				CB911A7D15FF63B5003ECD79 /* home.png in Resources */,
				CB911A7E15FF63B5003ECD79 /* home@2x.png in Resources */,
				CB911A7F15FF63B5003ECD79 /* man.png in Resources */,
				CB911A8015FF63B5003ECD79 /* man@2x.png in Resources */,
				CB911A8615FF63EF003ECD79 /* icon.png in Resources */,
				CB911A8715FF63EF003ECD79 /* icon@2x.png in Resources */,
				CB911A8C15FF6663003ECD79 /* startup.png in Resources */,
				CB911A8D15FF6663003ECD79 /* startup@2x.png in Resources */,
				CB98FF751600731800E75851 /* checkmark@2x.png in Resources */,
				CB98FF761600731800E75851 /* checkmark.png in Resources */,
				CB98FF781600756200E75851 /* Default.png in Resources */,
				CB98FF7A1600756E00E75851 /* Default@2x.png in Resources */,
				CB98FF7C1600786D00E75851 /* icon.png in Resources */,
				CB98FF7E1600787600E75851 /* icon@2x.png in Resources */,
				CB22B4511606A2990069D346 /* kiandra@2x.png in Resources */,
				CB22B4521606A2990069D346 /* kiandra.png in Resources */,
			);
			runOnlyForDeploymentPostprocessing = 0;
		};
/* End PBXResourcesBuildPhase section */

/* Begin PBXSourcesBuildPhase section */
		CBA969F515FF1B330070F983 /* Sources */ = {
			isa = PBXSourcesBuildPhase;
			buildActionMask = 2147483647;
			files = (
				CBA96A0A15FF1B330070F983 /* main.m in Sources */,
				CBA96A0E15FF1B330070F983 /* AppDelegate.m in Sources */,
				CBA96A1415FF1B330070F983 /* ViewController.m in Sources */,
				CB911A9715FF68A1003ECD79 /* StaffViewController.m in Sources */,
				CB911A9A15FF6952003ECD79 /* Staff.m in Sources */,
				CBC70CCF15FF799E006F7434 /* CheckoutViewController.m in Sources */,
				CBC70CDB1603371F006F7434 /* LoginViewController.m in Sources */,
				CBC70CE31605DC0B006F7434 /* KeychainItemWrapper.m in Sources */,
				CBC70CEC1605F7B1006F7434 /* MyViewController.m in Sources */,
				CBA099F316095C18002BAB5E /* RESTClientAuthentication.m in Sources */,
				CB03CCD0161088C100BBC7D1 /* RESTClientKIntranet.m in Sources */,
				CB03CCD316108EB800BBC7D1 /* Base64.m in Sources */,
			);
			runOnlyForDeploymentPostprocessing = 0;
		};
/* End PBXSourcesBuildPhase section */

/* Begin PBXVariantGroup section */
		CBA96A0615FF1B330070F983 /* InfoPlist.strings */ = {
			isa = PBXVariantGroup;
			children = (
				CBA96A0715FF1B330070F983 /* en */,
			);
			name = InfoPlist.strings;
			sourceTree = "<group>";
		};
		CBA96A0F15FF1B330070F983 /* MainStoryboard.storyboard */ = {
			isa = PBXVariantGroup;
			children = (
				CBA96A1015FF1B330070F983 /* en */,
			);
			name = MainStoryboard.storyboard;
			sourceTree = "<group>";
		};
/* End PBXVariantGroup section */

/* Begin XCBuildConfiguration section */
		CBA96A1515FF1B330070F983 /* Debug */ = {
			isa = XCBuildConfiguration;
			buildSettings = {
				ALWAYS_SEARCH_USER_PATHS = NO;
				ARCHS = "$(ARCHS_STANDARD_32_BIT)";
				CLANG_CXX_LANGUAGE_STANDARD = "gnu++0x";
				CLANG_WARN__DUPLICATE_METHOD_MATCH = YES;
				"CODE_SIGN_IDENTITY[sdk=iphoneos*]" = "iPhone Developer";
				COPY_PHASE_STRIP = NO;
				GCC_C_LANGUAGE_STANDARD = gnu99;
				GCC_DYNAMIC_NO_PIC = NO;
				GCC_OPTIMIZATION_LEVEL = 0;
				GCC_PREPROCESSOR_DEFINITIONS = (
					"DEBUG=1",
					"$(inherited)",
				);
				GCC_SYMBOLS_PRIVATE_EXTERN = NO;
				GCC_VERSION = com.apple.compilers.llvm.clang.1_0;
				GCC_WARN_ABOUT_RETURN_TYPE = YES;
				GCC_WARN_UNINITIALIZED_AUTOS = YES;
				GCC_WARN_UNUSED_VARIABLE = YES;
				IPHONEOS_DEPLOYMENT_TARGET = 5.1;
				SDKROOT = iphoneos;
			};
			name = Debug;
		};
		CBA96A1615FF1B330070F983 /* Release */ = {
			isa = XCBuildConfiguration;
			buildSettings = {
				ALWAYS_SEARCH_USER_PATHS = NO;
				ARCHS = "$(ARCHS_STANDARD_32_BIT)";
				CLANG_CXX_LANGUAGE_STANDARD = "gnu++0x";
				CLANG_WARN__DUPLICATE_METHOD_MATCH = YES;
				"CODE_SIGN_IDENTITY[sdk=iphoneos*]" = "iPhone Developer";
				COPY_PHASE_STRIP = YES;
				GCC_C_LANGUAGE_STANDARD = gnu99;
				GCC_VERSION = com.apple.compilers.llvm.clang.1_0;
				GCC_WARN_ABOUT_RETURN_TYPE = YES;
				GCC_WARN_UNINITIALIZED_AUTOS = YES;
				GCC_WARN_UNUSED_VARIABLE = YES;
				IPHONEOS_DEPLOYMENT_TARGET = 5.1;
				OTHER_CFLAGS = "-DNS_BLOCK_ASSERTIONS=1";
				SDKROOT = iphoneos;
				VALIDATE_PRODUCT = YES;
			};
			name = Release;
		};
		CBA96A1815FF1B330070F983 /* Debug */ = {
			isa = XCBuildConfiguration;
			buildSettings = {
				CODE_SIGN_IDENTITY = "iPhone Developer";
				"CODE_SIGN_IDENTITY[sdk=iphoneos*]" = "iPhone Developer: Peter Sbarski (RCLCE793M8)";
				FRAMEWORK_SEARCH_PATHS = (
					"$(inherited)",
					"\"$(SRCROOT)/../RestKit/Tests/Vendor/OCHamcrest\"",
				);
				GCC_PRECOMPILE_PREFIX_HEADER = YES;
				GCC_PREFIX_HEADER = "kIntranet/kIntranet-Prefix.pch";
				INFOPLIST_FILE = "kIntranet/kIntranet-Info.plist";
				PRODUCT_NAME = "$(TARGET_NAME)";
				PROVISIONING_PROFILE = "";
				"PROVISIONING_PROFILE[sdk=iphoneos*]" = "";
				TARGETED_DEVICE_FAMILY = 1;
				WRAPPER_EXTENSION = app;
			};
			name = Debug;
		};
		CBA96A1915FF1B330070F983 /* Release */ = {
			isa = XCBuildConfiguration;
			buildSettings = {
				CODE_SIGN_IDENTITY = "iPhone Developer";
				"CODE_SIGN_IDENTITY[sdk=iphoneos*]" = "iPhone Developer: Peter Sbarski (RCLCE793M8)";
				FRAMEWORK_SEARCH_PATHS = (
					"$(inherited)",
					"\"$(SRCROOT)/../RestKit/Tests/Vendor/OCHamcrest\"",
				);
				GCC_PRECOMPILE_PREFIX_HEADER = YES;
				GCC_PREFIX_HEADER = "kIntranet/kIntranet-Prefix.pch";
				INFOPLIST_FILE = "kIntranet/kIntranet-Info.plist";
				PRODUCT_NAME = "$(TARGET_NAME)";
				PROVISIONING_PROFILE = "";
				"PROVISIONING_PROFILE[sdk=iphoneos*]" = "";
				TARGETED_DEVICE_FAMILY = 1;
				WRAPPER_EXTENSION = app;
			};
			name = Release;
		};
/* End XCBuildConfiguration section */

/* Begin XCConfigurationList section */
		CBA969F315FF1B330070F983 /* Build configuration list for PBXProject "kIntranet" */ = {
			isa = XCConfigurationList;
			buildConfigurations = (
				CBA96A1515FF1B330070F983 /* Debug */,
				CBA96A1615FF1B330070F983 /* Release */,
			);
			defaultConfigurationIsVisible = 0;
			defaultConfigurationName = Release;
		};
		CBA96A1715FF1B330070F983 /* Build configuration list for PBXNativeTarget "kIntranet" */ = {
			isa = XCConfigurationList;
			buildConfigurations = (
				CBA96A1815FF1B330070F983 /* Debug */,
				CBA96A1915FF1B330070F983 /* Release */,
			);
			defaultConfigurationIsVisible = 0;
			defaultConfigurationName = Release;
		};
/* End XCConfigurationList section */
	};
	rootObject = CBA969F015FF1B330070F983 /* Project object */;
}
